
Microsoft Visual Studio Solution File, Format Version 12.00
# Visual Studio Version 17
VisualStudioVersion = 17.2.32616.157
MinimumVisualStudioVersion = 10.0.40219.1
Project("{FAE04EC0-301F-11D3-BF4B-00C04F79EFBC}") = "Steam", "Steam.csproj", "{199071FE-F2AB-42A9-8E4C-24BDB8AE27A2}"
EndProject
Global
	GlobalSection(SolutionConfigurationPlatforms) = preSolution
		Debug|Any CPU = Debug|Any CPU
		Release|Any CPU = Release|Any CPU
	EndGlobalSection
	GlobalSection(ProjectConfigurationPlatforms) = postSolution
		{199071FE-F2AB-42A9-8E4C-24BDB8AE27A2}.Debug|Any CPU.ActiveCfg = Debug|Any CPU
		{199071FE-F2AB-42A9-8E4C-24BDB8AE27A2}.Debug|Any CPU.Build.0 = Debug|Any CPU
		{199071FE-F2AB-42A9-8E4C-24BDB8AE27A2}.Release|Any CPU.ActiveCfg = Release|Any CPU
		{199071FE-F2AB-42A9-8E4C-24BDB8AE27A2}.Release|Any CPU.Build.0 = Release|Any CPU
	EndGlobalSection
	GlobalSection(SolutionProperties) = preSolution
		HideSolutionNode = FALSE
	EndGlobalSection
	GlobalSection(ExtensibilityGlobals) = postSolution
		SolutionGuid = {E0409CA4-3341-46ED-975D-5D8D0BE38624}
	EndGlobalSection
EndGlobal
